{
  "nodes": {
    "home-manager": {
      "inputs": {
        "nixpkgs": [
          "nixpkgs-unstable"
        ]
      },
      "locked": {
        "lastModified": 1757920978,
        "narHash": "sha256-Mv16aegXLulgyDunijP6SPFJNm8lSXb2w3Q0X+vZ9TY=",
        "owner": "nix-community",
        "repo": "home-manager",
        "rev": "11cc5449c50e0e5b785be3dfcb88245232633eb8",
        "type": "github"
      },
      "original": {
        "owner": "nix-community",
        "repo": "home-manager",
        "type": "github"
      }
    },
    "nixpkgs": {
      "locked": {
        "lastModified": 1757745802,
        "narHash": "sha256-hLEO2TPj55KcUFUU1vgtHE9UEIOjRcH/4QbmfHNF820=",
        "owner": "nixos",
        "repo": "nixpkgs",
        "rev": "c23193b943c6c689d70ee98ce3128239ed9e32d1",
        "type": "github"
      },
      "original": {
        "owner": "nixos",
        "ref": "nixos-unstable",
        "repo": "nixpkgs",
        "type": "github"
      }
    },
    "nixpkgs-master": {
      "locked": {
        "lastModified": 1757964498,
        "narHash": "sha256-LiKvgPMPcxl9txR3sFeszxN+J2jgbUn6K+ingoUxCrw=",
        "owner": "nixos",
        "repo": "nixpkgs",
        "rev": "6a97dcd844b4daf932697f34ab6bd6538b3d291c",
        "type": "github"
      },
      "original": {
        "owner": "nixos",
        "ref": "master",
        "repo": "nixpkgs",
        "type": "github"
      }
    },
    "nixpkgs-unstable": {
      "locked": {
        "lastModified": 1757873102,
        "narHash": "sha256-kYhNxLlYyJcUouNRazBufVfBInMWMyF+44xG/xar2yE=",
        "owner": "nixos",
        "repo": "nixpkgs",
        "rev": "88cef159e47c0dc56f151593e044453a39a6e547",
        "type": "github"
      },
      "original": {
        "owner": "nixos",
        "ref": "nixpkgs-unstable",
        "repo": "nixpkgs",
        "type": "github"
      }
    },
    "root": {
      "inputs": {
        "home-manager": "home-manager",
        "nixpkgs": "nixpkgs",
        "nixpkgs-master": "nixpkgs-master",
        "nixpkgs-unstable": "nixpkgs-unstable"
      }
    }
  },
  "root": "root",
  "version": 7
}
